// !$*UTF8*$!
{
	archiveVersion = 1;
	classes = {
	};
	objectVersion = 48;
	objects = {

/* Begin PBXBuildFile section */
		939A7D7A069D211134A314CC /* Pods_Get_Your_Playlist.framework in Frameworks */ = {isa = PBXBuildFile; fileRef = E37C3CCCE33CD10D9A344CC2 /* Pods_Get_Your_Playlist.framework */; };
		C5274BB321A058E800EFEC05 /* AppDelegate.swift in Sources */ = {isa = PBXBuildFile; fileRef = C5274BB221A058E800EFEC05 /* AppDelegate.swift */; };
		C5274BB821A058E800EFEC05 /* Main.storyboard in Resources */ = {isa = PBXBuildFile; fileRef = C5274BB621A058E800EFEC05 /* Main.storyboard */; };
		C5274BBB21A058E900EFEC05 /* Get_Your_Playlist.xcdatamodeld in Sources */ = {isa = PBXBuildFile; fileRef = C5274BB921A058E900EFEC05 /* Get_Your_Playlist.xcdatamodeld */; };
		C5274BBD21A0591A00EFEC05 /* Assets.xcassets in Resources */ = {isa = PBXBuildFile; fileRef = C5274BBC21A0591A00EFEC05 /* Assets.xcassets */; };
		C5274BC021A0591A00EFEC05 /* LaunchScreen.storyboard in Resources */ = {isa = PBXBuildFile; fileRef = C5274BBE21A0591A00EFEC05 /* LaunchScreen.storyboard */; };
		C5274BCA21A4E25200EFEC05 /* RegisterViewController.swift in Sources */ = {isa = PBXBuildFile; fileRef = C5274BC921A4E25200EFEC05 /* RegisterViewController.swift */; };
		C5274BCC21A4E99700EFEC05 /* LoginViewController.swift in Sources */ = {isa = PBXBuildFile; fileRef = C5274BCB21A4E99600EFEC05 /* LoginViewController.swift */; };
		C5274BD021A4EAD400EFEC05 /* HomeViewController.swift in Sources */ = {isa = PBXBuildFile; fileRef = C5274BCF21A4EAD400EFEC05 /* HomeViewController.swift */; };
		C5274BD221A618B200EFEC05 /* Extensions.swift in Sources */ = {isa = PBXBuildFile; fileRef = C5274BD121A618B100EFEC05 /* Extensions.swift */; };
		C5274BDB21A8428E00EFEC05 /* AuthorizationDataSource.swift in Sources */ = {isa = PBXBuildFile; fileRef = C5274BD521A8428D00EFEC05 /* AuthorizationDataSource.swift */; };
		C5274BDC21A8428F00EFEC05 /* MediaLibraryManager.swift in Sources */ = {isa = PBXBuildFile; fileRef = C5274BD621A8428E00EFEC05 /* MediaLibraryManager.swift */; };
		C5274BDD21A8428F00EFEC05 /* MusicPlayerManager.swift in Sources */ = {isa = PBXBuildFile; fileRef = C5274BD721A8428E00EFEC05 /* MusicPlayerManager.swift */; };
		C5274BDE21A8428F00EFEC05 /* AuthorizationManager.swift in Sources */ = {isa = PBXBuildFile; fileRef = C5274BD821A8428E00EFEC05 /* AuthorizationManager.swift */; };
		C5274BDF21A8428F00EFEC05 /* ImageCacheManager.swift in Sources */ = {isa = PBXBuildFile; fileRef = C5274BD921A8428E00EFEC05 /* ImageCacheManager.swift */; };
		C5274BE021A8428F00EFEC05 /* AppleMusicManager.swift in Sources */ = {isa = PBXBuildFile; fileRef = C5274BDA21A8428E00EFEC05 /* AppleMusicManager.swift */; };
		C5274BF421A8463100EFEC05 /* Artwork.swift in Sources */ = {isa = PBXBuildFile; fileRef = C5274BF021A8460300EFEC05 /* Artwork.swift */; };
		C5274BF521A8463100EFEC05 /* MediaItem.swift in Sources */ = {isa = PBXBuildFile; fileRef = C5274BF121A8460300EFEC05 /* MediaItem.swift */; };
		C5274BF621A8463100EFEC05 /* SerializationError.swift in Sources */ = {isa = PBXBuildFile; fileRef = C5274BF221A8460300EFEC05 /* SerializationError.swift */; };
		C5274BF921A84F1100EFEC05 /* JSONKeys.swift in Sources */ = {isa = PBXBuildFile; fileRef = C5274BF721A84F0A00EFEC05 /* JSONKeys.swift */; };
		C5274BFA21A84F1100EFEC05 /* AppleMusicRequestFactory.swift in Sources */ = {isa = PBXBuildFile; fileRef = C5274BF821A84F0F00EFEC05 /* AppleMusicRequestFactory.swift */; };
		C5274BFC21A8979200EFEC05 /* PersonalizationViewController.swift in Sources */ = {isa = PBXBuildFile; fileRef = C5274BFB21A8979200EFEC05 /* PersonalizationViewController.swift */; };
		C5274BFE21A89EC300EFEC05 /* PageContentViewController.swift in Sources */ = {isa = PBXBuildFile; fileRef = C5274BFD21A89EC200EFEC05 /* PageContentViewController.swift */; };
		C5274C0021A8BF4E00EFEC05 /* PlaylistManager.swift in Sources */ = {isa = PBXBuildFile; fileRef = C5274BFF21A8BF4E00EFEC05 /* PlaylistManager.swift */; };
		C5274C0221A8DEA400EFEC05 /* PersonalizationManager.swift in Sources */ = {isa = PBXBuildFile; fileRef = C5274C0121A8DEA400EFEC05 /* PersonalizationManager.swift */; };
		C5274C0521A9E6A100EFEC05 /* SearchViewController.swift in Sources */ = {isa = PBXBuildFile; fileRef = C5274C0421A9E69F00EFEC05 /* SearchViewController.swift */; };
		C5274C0721A9E73700EFEC05 /* DataManager.swift in Sources */ = {isa = PBXBuildFile; fileRef = C5274C0621A9E73700EFEC05 /* DataManager.swift */; };
		C5274C0921A9E78700EFEC05 /* Song.swift in Sources */ = {isa = PBXBuildFile; fileRef = C5274C0821A9E78700EFEC05 /* Song.swift */; };
		C5274C0B21AA02E300EFEC05 /* Artist.swift in Sources */ = {isa = PBXBuildFile; fileRef = C5274C0A21AA02E300EFEC05 /* Artist.swift */; };
		C5274C0D21AA0B7B00EFEC05 /* Genre.swift in Sources */ = {isa = PBXBuildFile; fileRef = C5274C0C21AA0B7B00EFEC05 /* Genre.swift */; };
		C5C1CD0B21AB7D2400E9E76B /* CreatePlaylistViewController.swift in Sources */ = {isa = PBXBuildFile; fileRef = C5C1CD0A21AB7D2400E9E76B /* CreatePlaylistViewController.swift */; };
/* End PBXBuildFile section */

/* Begin PBXFileReference section */
		1530BE1ED932B6A719E58BE7 /* Pods-Get Your Playlist.release.xcconfig */ = {isa = PBXFileReference; includeInIndex = 1; lastKnownFileType = text.xcconfig; name = "Pods-Get Your Playlist.release.xcconfig"; path = "Pods/Target Support Files/Pods-Get Your Playlist/Pods-Get Your Playlist.release.xcconfig"; sourceTree = "<group>"; };
		ACBA9464E7518A33F50542B5 /* Pods-Get Your Playlist.debug.xcconfig */ = {isa = PBXFileReference; includeInIndex = 1; lastKnownFileType = text.xcconfig; name = "Pods-Get Your Playlist.debug.xcconfig"; path = "Pods/Target Support Files/Pods-Get Your Playlist/Pods-Get Your Playlist.debug.xcconfig"; sourceTree = "<group>"; };
		C5274BAF21A058E700EFEC05 /* Get Your Playlist.app */ = {isa = PBXFileReference; explicitFileType = wrapper.application; includeInIndex = 0; path = "Get Your Playlist.app"; sourceTree = BUILT_PRODUCTS_DIR; };
		C5274BB221A058E800EFEC05 /* AppDelegate.swift */ = {isa = PBXFileReference; lastKnownFileType = sourcecode.swift; path = AppDelegate.swift; sourceTree = "<group>"; };
		C5274BB721A058E800EFEC05 /* Base */ = {isa = PBXFileReference; lastKnownFileType = file.storyboard; name = Base; path = Base.lproj/Main.storyboard; sourceTree = "<group>"; };
		C5274BBA21A058E900EFEC05 /* Get_Your_Playlist.xcdatamodel */ = {isa = PBXFileReference; lastKnownFileType = wrapper.xcdatamodel; path = Get_Your_Playlist.xcdatamodel; sourceTree = "<group>"; };
		C5274BBC21A0591A00EFEC05 /* Assets.xcassets */ = {isa = PBXFileReference; lastKnownFileType = folder.assetcatalog; path = Assets.xcassets; sourceTree = "<group>"; };
		C5274BBF21A0591A00EFEC05 /* Base */ = {isa = PBXFileReference; lastKnownFileType = file.storyboard; name = Base; path = Base.lproj/LaunchScreen.storyboard; sourceTree = "<group>"; };
		C5274BC121A0591A00EFEC05 /* Info.plist */ = {isa = PBXFileReference; lastKnownFileType = text.plist.xml; path = Info.plist; sourceTree = "<group>"; };
		C5274BC921A4E25200EFEC05 /* RegisterViewController.swift */ = {isa = PBXFileReference; lastKnownFileType = sourcecode.swift; path = RegisterViewController.swift; sourceTree = "<group>"; };
		C5274BCB21A4E99600EFEC05 /* LoginViewController.swift */ = {isa = PBXFileReference; lastKnownFileType = sourcecode.swift; path = LoginViewController.swift; sourceTree = "<group>"; };
		C5274BCF21A4EAD400EFEC05 /* HomeViewController.swift */ = {isa = PBXFileReference; lastKnownFileType = sourcecode.swift; path = HomeViewController.swift; sourceTree = "<group>"; };
		C5274BD121A618B100EFEC05 /* Extensions.swift */ = {isa = PBXFileReference; lastKnownFileType = sourcecode.swift; path = Extensions.swift; sourceTree = "<group>"; };
		C5274BD521A8428D00EFEC05 /* AuthorizationDataSource.swift */ = {isa = PBXFileReference; fileEncoding = 4; lastKnownFileType = sourcecode.swift; path = AuthorizationDataSource.swift; sourceTree = "<group>"; };
		C5274BD621A8428E00EFEC05 /* MediaLibraryManager.swift */ = {isa = PBXFileReference; fileEncoding = 4; lastKnownFileType = sourcecode.swift; path = MediaLibraryManager.swift; sourceTree = "<group>"; };
		C5274BD721A8428E00EFEC05 /* MusicPlayerManager.swift */ = {isa = PBXFileReference; fileEncoding = 4; lastKnownFileType = sourcecode.swift; path = MusicPlayerManager.swift; sourceTree = "<group>"; };
		C5274BD821A8428E00EFEC05 /* AuthorizationManager.swift */ = {isa = PBXFileReference; fileEncoding = 4; lastKnownFileType = sourcecode.swift; path = AuthorizationManager.swift; sourceTree = "<group>"; };
		C5274BD921A8428E00EFEC05 /* ImageCacheManager.swift */ = {isa = PBXFileReference; fileEncoding = 4; lastKnownFileType = sourcecode.swift; path = ImageCacheManager.swift; sourceTree = "<group>"; };
		C5274BDA21A8428E00EFEC05 /* AppleMusicManager.swift */ = {isa = PBXFileReference; fileEncoding = 4; lastKnownFileType = sourcecode.swift; path = AppleMusicManager.swift; sourceTree = "<group>"; };
		C5274BF021A8460300EFEC05 /* Artwork.swift */ = {isa = PBXFileReference; fileEncoding = 4; lastKnownFileType = sourcecode.swift; path = Artwork.swift; sourceTree = "<group>"; };
		C5274BF121A8460300EFEC05 /* MediaItem.swift */ = {isa = PBXFileReference; fileEncoding = 4; lastKnownFileType = sourcecode.swift; path = MediaItem.swift; sourceTree = "<group>"; };
		C5274BF221A8460300EFEC05 /* SerializationError.swift */ = {isa = PBXFileReference; fileEncoding = 4; lastKnownFileType = sourcecode.swift; path = SerializationError.swift; sourceTree = "<group>"; };
		C5274BF721A84F0A00EFEC05 /* JSONKeys.swift */ = {isa = PBXFileReference; fileEncoding = 4; lastKnownFileType = sourcecode.swift; path = JSONKeys.swift; sourceTree = "<group>"; };
		C5274BF821A84F0F00EFEC05 /* AppleMusicRequestFactory.swift */ = {isa = PBXFileReference; fileEncoding = 4; lastKnownFileType = sourcecode.swift; path = AppleMusicRequestFactory.swift; sourceTree = "<group>"; };
		C5274BFB21A8979200EFEC05 /* PersonalizationViewController.swift */ = {isa = PBXFileReference; lastKnownFileType = sourcecode.swift; path = PersonalizationViewController.swift; sourceTree = "<group>"; };
		C5274BFD21A89EC200EFEC05 /* PageContentViewController.swift */ = {isa = PBXFileReference; lastKnownFileType = sourcecode.swift; path = PageContentViewController.swift; sourceTree = "<group>"; };
		C5274BFF21A8BF4E00EFEC05 /* PlaylistManager.swift */ = {isa = PBXFileReference; lastKnownFileType = sourcecode.swift; path = PlaylistManager.swift; sourceTree = "<group>"; };
		C5274C0121A8DEA400EFEC05 /* PersonalizationManager.swift */ = {isa = PBXFileReference; lastKnownFileType = sourcecode.swift; path = PersonalizationManager.swift; sourceTree = "<group>"; };
		C5274C0421A9E69F00EFEC05 /* SearchViewController.swift */ = {isa = PBXFileReference; lastKnownFileType = sourcecode.swift; path = SearchViewController.swift; sourceTree = "<group>"; };
		C5274C0621A9E73700EFEC05 /* DataManager.swift */ = {isa = PBXFileReference; lastKnownFileType = sourcecode.swift; path = DataManager.swift; sourceTree = "<group>"; };
		C5274C0821A9E78700EFEC05 /* Song.swift */ = {isa = PBXFileReference; lastKnownFileType = sourcecode.swift; path = Song.swift; sourceTree = "<group>"; };
		C5274C0A21AA02E300EFEC05 /* Artist.swift */ = {isa = PBXFileReference; lastKnownFileType = sourcecode.swift; path = Artist.swift; sourceTree = "<group>"; };
		C5274C0C21AA0B7B00EFEC05 /* Genre.swift */ = {isa = PBXFileReference; lastKnownFileType = sourcecode.swift; path = Genre.swift; sourceTree = "<group>"; };
		C5C1CD0A21AB7D2400E9E76B /* CreatePlaylistViewController.swift */ = {isa = PBXFileReference; lastKnownFileType = sourcecode.swift; path = CreatePlaylistViewController.swift; sourceTree = "<group>"; };
		E37C3CCCE33CD10D9A344CC2 /* Pods_Get_Your_Playlist.framework */ = {isa = PBXFileReference; explicitFileType = wrapper.framework; includeInIndex = 0; path = Pods_Get_Your_Playlist.framework; sourceTree = BUILT_PRODUCTS_DIR; };
/* End PBXFileReference section */

/* Begin PBXFrameworksBuildPhase section */
		C5274BAC21A058E700EFEC05 /* Frameworks */ = {
			isa = PBXFrameworksBuildPhase;
			buildActionMask = 2147483647;
			files = (
				939A7D7A069D211134A314CC /* Pods_Get_Your_Playlist.framework in Frameworks */,
			);
			runOnlyForDeploymentPostprocessing = 0;
		};
/* End PBXFrameworksBuildPhase section */

/* Begin PBXGroup section */
		16207AD760EFD4CB8A3D875B /* Pods */ = {
			isa = PBXGroup;
			children = (
				ACBA9464E7518A33F50542B5 /* Pods-Get Your Playlist.debug.xcconfig */,
				1530BE1ED932B6A719E58BE7 /* Pods-Get Your Playlist.release.xcconfig */,
			);
			name = Pods;
			sourceTree = "<group>";
		};
		6535AE6E1DE104B512B2E3F0 /* Frameworks */ = {
			isa = PBXGroup;
			children = (
				E37C3CCCE33CD10D9A344CC2 /* Pods_Get_Your_Playlist.framework */,
			);
			name = Frameworks;
			sourceTree = "<group>";
		};
		C5274BA621A058E700EFEC05 = {
			isa = PBXGroup;
			children = (
				C5274BB121A058E700EFEC05 /* Get Your Playlist */,
				C5274BB021A058E700EFEC05 /* Products */,
				16207AD760EFD4CB8A3D875B /* Pods */,
				6535AE6E1DE104B512B2E3F0 /* Frameworks */,
			);
			sourceTree = "<group>";
		};
		C5274BB021A058E700EFEC05 /* Products */ = {
			isa = PBXGroup;
			children = (
				C5274BAF21A058E700EFEC05 /* Get Your Playlist.app */,
			);
			name = Products;
			sourceTree = "<group>";
		};
		C5274BB121A058E700EFEC05 /* Get Your Playlist */ = {
			isa = PBXGroup;
			children = (
				C5274C0321A902EA00EFEC05 /* Utilities */,
				C5274BEF21A8460300EFEC05 /* Model */,
				C5274BB221A058E800EFEC05 /* AppDelegate.swift */,
				C5274BD321A62E6100EFEC05 /* View Controllers */,
				C5274BD121A618B100EFEC05 /* Extensions.swift */,
				C5274BD421A8403000EFEC05 /* Managers */,
				C5274BB621A058E800EFEC05 /* Main.storyboard */,
				C5274BBC21A0591A00EFEC05 /* Assets.xcassets */,
				C5274BBE21A0591A00EFEC05 /* LaunchScreen.storyboard */,
				C5274BC121A0591A00EFEC05 /* Info.plist */,
				C5274BB921A058E900EFEC05 /* Get_Your_Playlist.xcdatamodeld */,
			);
			path = "Get Your Playlist";
			sourceTree = "<group>";
		};
		C5274BD321A62E6100EFEC05 /* View Controllers */ = {
			isa = PBXGroup;
			children = (
				C5274BC921A4E25200EFEC05 /* RegisterViewController.swift */,
				C5274BCB21A4E99600EFEC05 /* LoginViewController.swift */,
				C5274BCF21A4EAD400EFEC05 /* HomeViewController.swift */,
				C5274BFB21A8979200EFEC05 /* PersonalizationViewController.swift */,
				C5274BFD21A89EC200EFEC05 /* PageContentViewController.swift */,
				C5274C0421A9E69F00EFEC05 /* SearchViewController.swift */,
				C5C1CD0A21AB7D2400E9E76B /* CreatePlaylistViewController.swift */,
			);
			path = "View Controllers";
			sourceTree = "<group>";
		};
		C5274BD421A8403000EFEC05 /* Managers */ = {
			isa = PBXGroup;
			children = (
				C5274BDA21A8428E00EFEC05 /* AppleMusicManager.swift */,
				C5274BD521A8428D00EFEC05 /* AuthorizationDataSource.swift */,
				C5274BD821A8428E00EFEC05 /* AuthorizationManager.swift */,
				C5274BD921A8428E00EFEC05 /* ImageCacheManager.swift */,
				C5274BD621A8428E00EFEC05 /* MediaLibraryManager.swift */,
				C5274BD721A8428E00EFEC05 /* MusicPlayerManager.swift */,
				C5274BFF21A8BF4E00EFEC05 /* PlaylistManager.swift */,
				C5274C0121A8DEA400EFEC05 /* PersonalizationManager.swift */,
				C5274C0621A9E73700EFEC05 /* DataManager.swift */,
			);
			path = Managers;
			sourceTree = "<group>";
		};
		C5274BEF21A8460300EFEC05 /* Model */ = {
			isa = PBXGroup;
			children = (
				C5274BF021A8460300EFEC05 /* Artwork.swift */,
				C5274BF121A8460300EFEC05 /* MediaItem.swift */,
				C5274BF221A8460300EFEC05 /* SerializationError.swift */,
				C5274C0821A9E78700EFEC05 /* Song.swift */,
				C5274C0A21AA02E300EFEC05 /* Artist.swift */,
				C5274C0C21AA0B7B00EFEC05 /* Genre.swift */,
			);
			path = Model;
			sourceTree = "<group>";
		};
		C5274C0321A902EA00EFEC05 /* Utilities */ = {
			isa = PBXGroup;
			children = (
				C5274BF821A84F0F00EFEC05 /* AppleMusicRequestFactory.swift */,
				C5274BF721A84F0A00EFEC05 /* JSONKeys.swift */,
			);
			path = Utilities;
			sourceTree = "<group>";
		};
/* End PBXGroup section */

/* Begin PBXNativeTarget section */
		C5274BAE21A058E700EFEC05 /* Get Your Playlist */ = {
			isa = PBXNativeTarget;
			buildConfigurationList = C5274BC421A0591A00EFEC05 /* Build configuration list for PBXNativeTarget "Get Your Playlist" */;
			buildPhases = (
				4FB6F4F8BDDAAEB708EB8F6D /* [CP] Check Pods Manifest.lock */,
				C5274BAB21A058E700EFEC05 /* Sources */,
				C5274BAC21A058E700EFEC05 /* Frameworks */,
				C5274BAD21A058E700EFEC05 /* Resources */,
				DA6C77A87DAAC0BD72F7F4BA /* [CP] Embed Pods Frameworks */,
				29AE1C35150BF5F65DB7EA4A /* [CP] Copy Pods Resources */,
			);
			buildRules = (
			);
			dependencies = (
			);
			name = "Get Your Playlist";
			productName = "Get Your Playlist";
			productReference = C5274BAF21A058E700EFEC05 /* Get Your Playlist.app */;
			productType = "com.apple.product-type.application";
		};
/* End PBXNativeTarget section */

/* Begin PBXProject section */
		C5274BA721A058E700EFEC05 /* Project object */ = {
			isa = PBXProject;
			attributes = {
				LastSwiftUpdateCheck = 1000;
				LastUpgradeCheck = 1000;
				ORGANIZATIONNAME = "Team 6";
				TargetAttributes = {
					C5274BAE21A058E700EFEC05 = {
						CreatedOnToolsVersion = 10.0;
						ProvisioningStyle = Automatic;
					};
				};
			};
			buildConfigurationList = C5274BAA21A058E700EFEC05 /* Build configuration list for PBXProject "Get Your Playlist" */;
			compatibilityVersion = "Xcode 8.0";
			developmentRegion = en;
			hasScannedForEncodings = 0;
			knownRegions = (
				en,
				Base,
			);
			mainGroup = C5274BA621A058E700EFEC05;
			productRefGroup = C5274BB021A058E700EFEC05 /* Products */;
			projectDirPath = "";
			projectRoot = "";
			targets = (
				C5274BAE21A058E700EFEC05 /* Get Your Playlist */,
			);
		};
/* End PBXProject section */

/* Begin PBXResourcesBuildPhase section */
		C5274BAD21A058E700EFEC05 /* Resources */ = {
			isa = PBXResourcesBuildPhase;
			buildActionMask = 2147483647;
			files = (
				C5274BC021A0591A00EFEC05 /* LaunchScreen.storyboard in Resources */,
				C5274BBD21A0591A00EFEC05 /* Assets.xcassets in Resources */,
				C5274BB821A058E800EFEC05 /* Main.storyboard in Resources */,
			);
			runOnlyForDeploymentPostprocessing = 0;
		};
/* End PBXResourcesBuildPhase section */

/* Begin PBXShellScriptBuildPhase section */
		29AE1C35150BF5F65DB7EA4A /* [CP] Copy Pods Resources */ = {
			isa = PBXShellScriptBuildPhase;
			buildActionMask = 2147483647;
			files = (
			);
			inputPaths = (
			);
			name = "[CP] Copy Pods Resources";
			outputPaths = (
			);
			runOnlyForDeploymentPostprocessing = 0;
			shellPath = /bin/sh;
			shellScript = "\"${SRCROOT}/Pods/Target Support Files/Pods-Get Your Playlist/Pods-Get Your Playlist-resources.sh\"\n";
			showEnvVarsInLog = 0;
		};
		4FB6F4F8BDDAAEB708EB8F6D /* [CP] Check Pods Manifest.lock */ = {
			isa = PBXShellScriptBuildPhase;
			buildActionMask = 2147483647;
			files = (
			);
			inputPaths = (
			);
			name = "[CP] Check Pods Manifest.lock";
			outputPaths = (
			);
			runOnlyForDeploymentPostprocessing = 0;
			shellPath = /bin/sh;
			shellScript = "diff \"${PODS_ROOT}/../Podfile.lock\" \"${PODS_ROOT}/Manifest.lock\" > /dev/null\nif [ $? != 0 ] ; then\n    # print error to STDERR\n    echo \"error: The sandbox is not in sync with the Podfile.lock. Run 'pod install' or update your CocoaPods installation.\" >&2\n    exit 1\nfi\n";
			showEnvVarsInLog = 0;
		};
		DA6C77A87DAAC0BD72F7F4BA /* [CP] Embed Pods Frameworks */ = {
			isa = PBXShellScriptBuildPhase;
			buildActionMask = 2147483647;
			files = (
			);
			inputPaths = (
			);
			name = "[CP] Embed Pods Frameworks";
			outputPaths = (
			);
			runOnlyForDeploymentPostprocessing = 0;
			shellPath = /bin/sh;
			shellScript = "\"${SRCROOT}/Pods/Target Support Files/Pods-Get Your Playlist/Pods-Get Your Playlist-frameworks.sh\"\n";
			showEnvVarsInLog = 0;
		};
/* End PBXShellScriptBuildPhase section */

/* Begin PBXSourcesBuildPhase section */
		C5274BAB21A058E700EFEC05 /* Sources */ = {
			isa = PBXSourcesBuildPhase;
			buildActionMask = 2147483647;
			files = (
				C5274BF621A8463100EFEC05 /* SerializationError.swift in Sources */,
				C5274BD021A4EAD400EFEC05 /* HomeViewController.swift in Sources */,
				C5274BD221A618B200EFEC05 /* Extensions.swift in Sources */,
				C5274BB321A058E800EFEC05 /* AppDelegate.swift in Sources */,
				C5274BFA21A84F1100EFEC05 /* AppleMusicRequestFactory.swift in Sources */,
				C5274C0721A9E73700EFEC05 /* DataManager.swift in Sources */,
				C5274BBB21A058E900EFEC05 /* Get_Your_Playlist.xcdatamodeld in Sources */,
				C5274C0221A8DEA400EFEC05 /* PersonalizationManager.swift in Sources */,
				C5C1CD0B21AB7D2400E9E76B /* CreatePlaylistViewController.swift in Sources */,
				C5274BDC21A8428F00EFEC05 /* MediaLibraryManager.swift in Sources */,
				C5274C0D21AA0B7B00EFEC05 /* Genre.swift in Sources */,
				C5274BCC21A4E99700EFEC05 /* LoginViewController.swift in Sources */,
				C5274BCA21A4E25200EFEC05 /* RegisterViewController.swift in Sources */,
				C5274C0021A8BF4E00EFEC05 /* PlaylistManager.swift in Sources */,
				C5274C0921A9E78700EFEC05 /* Song.swift in Sources */,
				C5274BF521A8463100EFEC05 /* MediaItem.swift in Sources */,
				C5274C0521A9E6A100EFEC05 /* SearchViewController.swift in Sources */,
				C5274BF421A8463100EFEC05 /* Artwork.swift in Sources */,
				C5274BDE21A8428F00EFEC05 /* AuthorizationManager.swift in Sources */,
				C5274BE021A8428F00EFEC05 /* AppleMusicManager.swift in Sources */,
				C5274BDD21A8428F00EFEC05 /* MusicPlayerManager.swift in Sources */,
				C5274BFE21A89EC300EFEC05 /* PageContentViewController.swift in Sources */,
				C5274BDF21A8428F00EFEC05 /* ImageCacheManager.swift in Sources */,
				C5274BDB21A8428E00EFEC05 /* AuthorizationDataSource.swift in Sources */,
				C5274BF921A84F1100EFEC05 /* JSONKeys.swift in Sources */,
				C5274C0B21AA02E300EFEC05 /* Artist.swift in Sources */,
				C5274BFC21A8979200EFEC05 /* PersonalizationViewController.swift in Sources */,
			);
			runOnlyForDeploymentPostprocessing = 0;
		};
/* End PBXSourcesBuildPhase section */

/* Begin PBXVariantGroup section */
		C5274BB621A058E800EFEC05 /* Main.storyboard */ = {
			isa = PBXVariantGroup;
			children = (
				C5274BB721A058E800EFEC05 /* Base */,
			);
			name = Main.storyboard;
			sourceTree = "<group>";
		};
		C5274BBE21A0591A00EFEC05 /* LaunchScreen.storyboard */ = {
			isa = PBXVariantGroup;
			children = (
				C5274BBF21A0591A00EFEC05 /* Base */,
			);
			name = LaunchScreen.storyboard;
			sourceTree = "<group>";
		};
/* End PBXVariantGroup section */

/* Begin XCBuildConfiguration section */
		C5274BC221A0591A00EFEC05 /* Debug */ = {
			isa = XCBuildConfiguration;
			buildSettings = {
				ALWAYS_SEARCH_USER_PATHS = NO;
				CLANG_ANALYZER_NONNULL = YES;
				CLANG_ANALYZER_NUMBER_OBJECT_CONVERSION = YES_AGGRESSIVE;
				CLANG_CXX_LANGUAGE_STANDARD = "gnu++14";
				CLANG_CXX_LIBRARY = "libc++";
				CLANG_ENABLE_MODULES = YES;
				CLANG_ENABLE_OBJC_ARC = YES;
				CLANG_ENABLE_OBJC_WEAK = YES;
				CLANG_WARN_BLOCK_CAPTURE_AUTORELEASING = YES;
				CLANG_WARN_BOOL_CONVERSION = YES;
				CLANG_WARN_COMMA = YES;
				CLANG_WARN_CONSTANT_CONVERSION = YES;
				CLANG_WARN_DEPRECATED_OBJC_IMPLEMENTATIONS = YES;
				CLANG_WARN_DIRECT_OBJC_ISA_USAGE = YES_ERROR;
				CLANG_WARN_DOCUMENTATION_COMMENTS = YES;
				CLANG_WARN_EMPTY_BODY = YES;
				CLANG_WARN_ENUM_CONVERSION = YES;
				CLANG_WARN_INFINITE_RECURSION = YES;
				CLANG_WARN_INT_CONVERSION = YES;
				CLANG_WARN_NON_LITERAL_NULL_CONVERSION = YES;
				CLANG_WARN_OBJC_IMPLICIT_RETAIN_SELF = YES;
				CLANG_WARN_OBJC_LITERAL_CONVERSION = YES;
				CLANG_WARN_OBJC_ROOT_CLASS = YES_ERROR;
				CLANG_WARN_RANGE_LOOP_ANALYSIS = YES;
				CLANG_WARN_STRICT_PROTOTYPES = YES;
				CLANG_WARN_SUSPICIOUS_MOVE = YES;
				CLANG_WARN_UNGUARDED_AVAILABILITY = YES_AGGRESSIVE;
				CLANG_WARN_UNREACHABLE_CODE = YES;
				CLANG_WARN__DUPLICATE_METHOD_MATCH = YES;
				CODE_SIGN_IDENTITY = "iPhone Developer";
				COPY_PHASE_STRIP = NO;
				DEBUG_INFORMATION_FORMAT = dwarf;
				ENABLE_STRICT_OBJC_MSGSEND = YES;
				ENABLE_TESTABILITY = YES;
				GCC_C_LANGUAGE_STANDARD = gnu11;
				GCC_DYNAMIC_NO_PIC = NO;
				GCC_NO_COMMON_BLOCKS = YES;
				GCC_OPTIMIZATION_LEVEL = 0;
				GCC_PREPROCESSOR_DEFINITIONS = (
					"DEBUG=1",
					"$(inherited)",
				);
				GCC_WARN_64_TO_32_BIT_CONVERSION = YES;
				GCC_WARN_ABOUT_RETURN_TYPE = YES_ERROR;
				GCC_WARN_UNDECLARED_SELECTOR = YES;
				GCC_WARN_UNINITIALIZED_AUTOS = YES_AGGRESSIVE;
				GCC_WARN_UNUSED_FUNCTION = YES;
				GCC_WARN_UNUSED_VARIABLE = YES;
				IPHONEOS_DEPLOYMENT_TARGET = 12.0;
				MTL_ENABLE_DEBUG_INFO = INCLUDE_SOURCE;
				MTL_FAST_MATH = YES;
				ONLY_ACTIVE_ARCH = YES;
				SDKROOT = iphoneos;
				SWIFT_ACTIVE_COMPILATION_CONDITIONS = DEBUG;
				SWIFT_OPTIMIZATION_LEVEL = "-Onone";
			};
			name = Debug;
		};
		C5274BC321A0591A00EFEC05 /* Release */ = {
			isa = XCBuildConfiguration;
			buildSettings = {
				ALWAYS_SEARCH_USER_PATHS = NO;
				CLANG_ANALYZER_NONNULL = YES;
				CLANG_ANALYZER_NUMBER_OBJECT_CONVERSION = YES_AGGRESSIVE;
				CLANG_CXX_LANGUAGE_STANDARD = "gnu++14";
				CLANG_CXX_LIBRARY = "libc++";
				CLANG_ENABLE_MODULES = YES;
				CLANG_ENABLE_OBJC_ARC = YES;
				CLANG_ENABLE_OBJC_WEAK = YES;
				CLANG_WARN_BLOCK_CAPTURE_AUTORELEASING = YES;
				CLANG_WARN_BOOL_CONVERSION = YES;
				CLANG_WARN_COMMA = YES;
				CLANG_WARN_CONSTANT_CONVERSION = YES;
				CLANG_WARN_DEPRECATED_OBJC_IMPLEMENTATIONS = YES;
				CLANG_WARN_DIRECT_OBJC_ISA_USAGE = YES_ERROR;
				CLANG_WARN_DOCUMENTATION_COMMENTS = YES;
				CLANG_WARN_EMPTY_BODY = YES;
				CLANG_WARN_ENUM_CONVERSION = YES;
				CLANG_WARN_INFINITE_RECURSION = YES;
				CLANG_WARN_INT_CONVERSION = YES;
				CLANG_WARN_NON_LITERAL_NULL_CONVERSION = YES;
				CLANG_WARN_OBJC_IMPLICIT_RETAIN_SELF = YES;
				CLANG_WARN_OBJC_LITERAL_CONVERSION = YES;
				CLANG_WARN_OBJC_ROOT_CLASS = YES_ERROR;
				CLANG_WARN_RANGE_LOOP_ANALYSIS = YES;
				CLANG_WARN_STRICT_PROTOTYPES = YES;
				CLANG_WARN_SUSPICIOUS_MOVE = YES;
				CLANG_WARN_UNGUARDED_AVAILABILITY = YES_AGGRESSIVE;
				CLANG_WARN_UNREACHABLE_CODE = YES;
				CLANG_WARN__DUPLICATE_METHOD_MATCH = YES;
				CODE_SIGN_IDENTITY = "iPhone Developer";
				COPY_PHASE_STRIP = NO;
				DEBUG_INFORMATION_FORMAT = "dwarf-with-dsym";
				ENABLE_NS_ASSERTIONS = NO;
				ENABLE_STRICT_OBJC_MSGSEND = YES;
				GCC_C_LANGUAGE_STANDARD = gnu11;
				GCC_NO_COMMON_BLOCKS = YES;
				GCC_WARN_64_TO_32_BIT_CONVERSION = YES;
				GCC_WARN_ABOUT_RETURN_TYPE = YES_ERROR;
				GCC_WARN_UNDECLARED_SELECTOR = YES;
				GCC_WARN_UNINITIALIZED_AUTOS = YES_AGGRESSIVE;
				GCC_WARN_UNUSED_FUNCTION = YES;
				GCC_WARN_UNUSED_VARIABLE = YES;
				IPHONEOS_DEPLOYMENT_TARGET = 12.0;
				MTL_ENABLE_DEBUG_INFO = NO;
				MTL_FAST_MATH = YES;
				SDKROOT = iphoneos;
				SWIFT_OPTIMIZATION_LEVEL = "-Owholemodule";
				VALIDATE_PRODUCT = YES;
			};
			name = Release;
		};
		C5274BC521A0591A00EFEC05 /* Debug */ = {
			isa = XCBuildConfiguration;
			baseConfigurationReference = ACBA9464E7518A33F50542B5 /* Pods-Get Your Playlist.debug.xcconfig */;
			buildSettings = {
				ASSETCATALOG_COMPILER_APPICON_NAME = AppIcon;
				CODE_SIGN_STYLE = Automatic;
				DEVELOPMENT_TEAM = D5H964E5T6;
				INFOPLIST_FILE = "Get Your Playlist/Info.plist";
				LD_RUNPATH_SEARCH_PATHS = "$(inherited) @executable_path/Frameworks";
				PRODUCT_BUNDLE_IDENTIFIER = "com.Get-Your-Playlist";
				PRODUCT_NAME = "$(TARGET_NAME)";
				SWIFT_VERSION = 4.2;
				TARGETED_DEVICE_FAMILY = "1,2";
			};
			name = Debug;
		};
		C5274BC621A0591A00EFEC05 /* Release */ = {
			isa = XCBuildConfiguration;
			baseConfigurationReference = 1530BE1ED932B6A719E58BE7 /* Pods-Get Your Playlist.release.xcconfig */;
			buildSettings = {
				ASSETCATALOG_COMPILER_APPICON_NAME = AppIcon;
				CODE_SIGN_STYLE = Automatic;
				DEVELOPMENT_TEAM = D5H964E5T6;
				INFOPLIST_FILE = "Get Your Playlist/Info.plist";
				LD_RUNPATH_SEARCH_PATHS = "$(inherited) @executable_path/Frameworks";
				PRODUCT_BUNDLE_IDENTIFIER = "com.Get-Your-Playlist";
				PRODUCT_NAME = "$(TARGET_NAME)";
				SWIFT_VERSION = 4.2;
				TARGETED_DEVICE_FAMILY = "1,2";
			};
			name = Release;
		};
/* End XCBuildConfiguration section */

/* Begin XCConfigurationList section */
		C5274BAA21A058E700EFEC05 /* Build configuration list for PBXProject "Get Your Playlist" */ = {
			isa = XCConfigurationList;
			buildConfigurations = (
				C5274BC221A0591A00EFEC05 /* Debug */,
				C5274BC321A0591A00EFEC05 /* Release */,
			);
			defaultConfigurationIsVisible = 0;
			defaultConfigurationName = Release;
		};
		C5274BC421A0591A00EFEC05 /* Build configuration list for PBXNativeTarget "Get Your Playlist" */ = {
			isa = XCConfigurationList;
			buildConfigurations = (
				C5274BC521A0591A00EFEC05 /* Debug */,
				C5274BC621A0591A00EFEC05 /* Release */,
			);
			defaultConfigurationIsVisible = 0;
			defaultConfigurationName = Release;
		};
/* End XCConfigurationList section */

/* Begin XCVersionGroup section */
		C5274BB921A058E900EFEC05 /* Get_Your_Playlist.xcdatamodeld */ = {
			isa = XCVersionGroup;
			children = (
				C5274BBA21A058E900EFEC05 /* Get_Your_Playlist.xcdatamodel */,
			);
			currentVersion = C5274BBA21A058E900EFEC05 /* Get_Your_Playlist.xcdatamodel */;
			path = Get_Your_Playlist.xcdatamodeld;
			sourceTree = "<group>";
			versionGroupType = wrapper.xcdatamodel;
		};
/* End XCVersionGroup section */
	};
	rootObject = C5274BA721A058E700EFEC05 /* Project object */;
}
